{
    "_readme": [
        "This file locks the dependencies of your project to a known state",
        "Read more about it at https://getcomposer.org/doc/01-basic-usage.md#installing-dependencies",
        "This file is @generated automatically"
    ],
    "content-hash": "1048a3a908dd41e1bd589b2f2e5d812e",
    "packages": [
        {
            "name": "oranfry/jars-contracts",
            "version": "dev-master",
            "source": {
                "type": "git",
                "url": "https://github.com/oranfry/jars-contracts.git",
                "reference": "2cd3244c0770832cc5a52edfc05c95303b3bf12e"
            },
            "dist": {
                "type": "zip",
                "url": "https://api.github.com/repos/oranfry/jars-contracts/zipball/2cd3244c0770832cc5a52edfc05c95303b3bf12e",
                "reference": "2cd3244c0770832cc5a52edfc05c95303b3bf12e",
                "shasum": ""
            },
            "default-branch": true,
            "type": "library",
            "autoload": {
                "psr-4": {
                    "jars\\contract\\": "classes"
                }
            },
            "support": {
                "source": "https://github.com/oranfry/jars-contracts/tree/master",
                "issues": "https://github.com/oranfry/jars-contracts/issues"
            },
            "time": "2022-02-14T11:21:19+00:00"
        },
        {
            "name": "oranfry/jars-core",
            "version": "dev-master",
            "source": {
                "type": "git",
                "url": "https://github.com/oranfry/jars-core.git",
                "reference": "3abcdec1a714578a61bcd1cc25c0f1fce90b0fba"
            },
            "dist": {
                "type": "zip",
                "url": "https://api.github.com/repos/oranfry/jars-core/zipball/3abcdec1a714578a61bcd1cc25c0f1fce90b0fba",
                "reference": "3abcdec1a714578a61bcd1cc25c0f1fce90b0fba",
                "shasum": ""
            },
            "require": {
                "oranfry/jars-contracts": "*"
            },
            "default-branch": true,
            "type": "library",
            "autoload": {
                "psr-4": {
                    "jars\\": "classes"
                }
            },
            "support": {
                "source": "https://github.com/oranfry/jars-core/tree/master",
                "issues": "https://github.com/oranfry/jars-core/issues"
            },
            "time": "2022-02-14T11:14:09+00:00"
        }
    ],
    "packages-dev": [],
    "aliases": [],
    "minimum-stability": "dev",
    "stability-flags": [],
    "prefer-stable": false,
    "prefer-lowest": false,
    "platform": [],
    "platform-dev": [],
    "plugin-api-version": "2.2.0"
}
