{
    "_readme": [
        "This file locks the dependencies of your project to a known state",
        "Read more about it at https://getcomposer.org/doc/01-basic-usage.md#installing-dependencies",
        "This file is @generated automatically"
    ],
    "content-hash": "1048a3a908dd41e1bd589b2f2e5d812e",
    "packages": [
        {
            "name": "oranfry/jars-contracts",
            "version": "dev-master",
            "source": {
                "type": "git",
                "url": "https://github.com/oranfry/jars-contracts.git",
                "reference": "2aa8edf31e1c45b6c0c79929c854f9188c5138d7"
            },
            "dist": {
                "type": "zip",
                "url": "https://api.github.com/repos/oranfry/jars-contracts/zipball/2aa8edf31e1c45b6c0c79929c854f9188c5138d7",
                "reference": "2aa8edf31e1c45b6c0c79929c854f9188c5138d7",
                "shasum": ""
            },
            "default-branch": true,
            "type": "library",
            "autoload": {
                "psr-4": {
                    "jars\\contract\\": "classes"
                }
            },
            "support": {
                "source": "https://github.com/oranfry/jars-contracts/tree/master",
                "issues": "https://github.com/oranfry/jars-contracts/issues"
            },
            "time": "2022-02-19T04:35:54+00:00"
        },
        {
            "name": "oranfry/jars-core",
            "version": "dev-master",
            "source": {
                "type": "git",
                "url": "https://github.com/oranfry/jars-core.git",
                "reference": "14f4f04dc60579fb51ba8cf36a44efb1405adc55"
            },
            "dist": {
                "type": "zip",
                "url": "https://api.github.com/repos/oranfry/jars-core/zipball/14f4f04dc60579fb51ba8cf36a44efb1405adc55",
                "reference": "14f4f04dc60579fb51ba8cf36a44efb1405adc55",
                "shasum": ""
            },
            "require": {
                "oranfry/jars-contracts": "*"
            },
            "default-branch": true,
            "type": "library",
            "autoload": {
                "psr-4": {
                    "jars\\": "classes"
                }
            },
            "support": {
                "source": "https://github.com/oranfry/jars-core/tree/master",
                "issues": "https://github.com/oranfry/jars-core/issues"
            },
            "time": "2022-02-19T09:45:14+00:00"
        }
    ],
    "packages-dev": [],
    "aliases": [],
    "minimum-stability": "dev",
    "stability-flags": [],
    "prefer-stable": false,
    "prefer-lowest": false,
    "platform": [],
    "platform-dev": [],
    "plugin-api-version": "2.2.0"
}
