{
    "_readme": [
        "This file locks the dependencies of your project to a known state",
        "Read more about it at https://getcomposer.org/doc/01-basic-usage.md#installing-dependencies",
        "This file is @generated automatically"
    ],
    "content-hash": "0cc91f7c583a8ed8a98c5825d98fbefe",
    "packages": [
        {
            "name": "oranfry/hasimages",
            "version": "3.0.3",
            "source": {
                "type": "git",
                "url": "https://github.com/oranfry/hasimages.git",
                "reference": "e9b8d87aa2e80d9edba69ee9804e356f235aae69"
            },
            "dist": {
                "type": "zip",
                "url": "https://api.github.com/repos/oranfry/hasimages/zipball/e9b8d87aa2e80d9edba69ee9804e356f235aae69",
                "reference": "e9b8d87aa2e80d9edba69ee9804e356f235aae69",
                "shasum": ""
            },
            "require": {
                "ext-gd": "*"
            },
            "type": "library",
            "autoload": {
                "psr-4": {
                    "OranFry\\HasImages\\Linetypes\\": ""
                }
            },
            "notification-url": "https://packagist.org/downloads/",
            "support": {
                "issues": "https://github.com/oranfry/hasimages/issues",
                "source": "https://github.com/oranfry/hasimages/tree/3.0.3"
            },
            "time": "2026-07-21T03:39:46+00:00"
        },
        {
            "name": "oranfry/simple-fields",
            "version": "4.0.0",
            "source": {
                "type": "git",
                "url": "https://github.com/oranfry/simple-fields.git",
                "reference": "7ae4d3c8ae85347938305cd5bd6867fba49037f3"
            },
            "dist": {
                "type": "zip",
                "url": "https://api.github.com/repos/oranfry/simple-fields/zipball/7ae4d3c8ae85347938305cd5bd6867fba49037f3",
                "reference": "7ae4d3c8ae85347938305cd5bd6867fba49037f3",
                "shasum": ""
            },
            "require": {
                "ext-bcmath": "*"
            },
            "type": "library",
            "autoload": {
                "psr-4": {
                    "OranFry\\SimpleFields\\": ""
                }
            },
            "notification-url": "https://packagist.org/downloads/",
            "support": {
                "issues": "https://github.com/oranfry/simple-fields/issues",
                "source": "https://github.com/oranfry/simple-fields/tree/4.0.0"
            },
            "time": "2026-06-23T23:07:18+00:00"
        }
    ],
    "packages-dev": [],
    "aliases": [],
    "minimum-stability": "stable",
    "stability-flags": {},
    "prefer-stable": false,
    "prefer-lowest": false,
    "platform": {},
    "platform-dev": {},
    "plugin-api-version": "2.9.0"
}
