{
    "_readme": [
        "This file locks the dependencies of your project to a known state",
        "Read more about it at https://getcomposer.org/doc/01-basic-usage.md#installing-dependencies",
        "This file is @generated automatically"
    ],
    "content-hash": "0cc91f7c583a8ed8a98c5825d98fbefe",
    "packages": [
        {
            "name": "oranfry/hasimages",
            "version": "3.0.1",
            "source": {
                "type": "git",
                "url": "https://github.com/oranfry/hasimages.git",
                "reference": "3d09349261196a616f2860603912772e63e75755"
            },
            "dist": {
                "type": "zip",
                "url": "https://api.github.com/repos/oranfry/hasimages/zipball/3d09349261196a616f2860603912772e63e75755",
                "reference": "3d09349261196a616f2860603912772e63e75755",
                "shasum": ""
            },
            "require": {
                "ext-gd": "*"
            },
            "type": "library",
            "autoload": {
                "psr-4": {
                    "OranFry\\HasImages\\Linetype\\": ""
                }
            },
            "notification-url": "https://packagist.org/downloads/",
            "support": {
                "issues": "https://github.com/oranfry/hasimages/issues",
                "source": "https://github.com/oranfry/hasimages/tree/3.0.1"
            },
            "time": "2026-06-23T07:35:14+00:00"
        },
        {
            "name": "oranfry/simple-fields",
            "version": "3.3.1",
            "source": {
                "type": "git",
                "url": "https://github.com/oranfry/simple-fields.git",
                "reference": "c9b103d87cb61a9b13ab59c6425d402acbf3e7d7"
            },
            "dist": {
                "type": "zip",
                "url": "https://api.github.com/repos/oranfry/simple-fields/zipball/c9b103d87cb61a9b13ab59c6425d402acbf3e7d7",
                "reference": "c9b103d87cb61a9b13ab59c6425d402acbf3e7d7",
                "shasum": ""
            },
            "require": {
                "ext-bcmath": "*"
            },
            "type": "library",
            "autoload": {
                "psr-4": {
                    "simplefields\\": "classes"
                }
            },
            "notification-url": "https://packagist.org/downloads/",
            "support": {
                "issues": "https://github.com/oranfry/simple-fields/issues",
                "source": "https://github.com/oranfry/simple-fields/tree/3.3.1"
            },
            "time": "2025-08-02T22:19:22+00:00"
        }
    ],
    "packages-dev": [],
    "aliases": [],
    "minimum-stability": "stable",
    "stability-flags": {},
    "prefer-stable": false,
    "prefer-lowest": false,
    "platform": {},
    "platform-dev": {},
    "plugin-api-version": "2.6.0"
}
